
Microsoft Visual Studio Solution File, Format Version 12.00
# Visual Studio Version 17
VisualStudioVersion = 17.1.31903.286
MinimumVisualStudioVersion = 10.0.40219.1
Project("{9A19103F-16F7-4668-BE54-9A1E7A4F7556}") = "CoreConsoleApp", "CoreConsoleApp\CoreConsoleApp.csproj", "{0C46EB87-0DEF-44A9-8FEA-C21B8AF0037E}"
EndProject
Project("{FAE04EC0-301F-11D3-BF4B-00C04F79EFBC}") = "WindowsFormsApp1", "WindowsFormsApp1\WindowsFormsApp1.csproj", "{8C3BFDE6-04B8-4F33-BB33-BD1B268AF70E}"
EndProject
Project("{9A19103F-16F7-4668-BE54-9A1E7A4F7556}") = "Standard", "Standard\Standard.csproj", "{79289A4B-CFA0-4FB6-AF68-4E24D66EAADD}"
EndProject
Project("{2150E333-8FDC-42A3-9474-1A3956D46DE8}") = "Debugging", "Debugging", "{2BC2B50E-B8E2-4FA8-B678-A694F1D575A8}"
EndProject
Project("{9A19103F-16F7-4668-BE54-9A1E7A4F7556}") = "Task1", "Task1\Task1.csproj", "{452B77F4-0A6C-4F27-BAC1-023FA61192A2}"
EndProject
Project("{9A19103F-16F7-4668-BE54-9A1E7A4F7556}") = "Task1Tests", "Task1Tests\Task1Tests.csproj", "{CC0F980B-E355-41F9-91BF-DD93EC067FBF}"
EndProject
Project("{2150E333-8FDC-42A3-9474-1A3956D46DE8}") = "Reflection", "Reflection", "{77010BD2-06D6-4D01-9732-FDB64A8C1B98}"
EndProject
Project("{2150E333-8FDC-42A3-9474-1A3956D46DE8}") = "Task1", "Task1", "{7A2FA21E-0D7D-48E1-B4CD-012ADB5B61B1}"
EndProject
Project("{9A19103F-16F7-4668-BE54-9A1E7A4F7556}") = "Reflection_Task1", "Reflection_Task1\Reflection_Task1.csproj", "{1EEEFDA2-2155-44DA-9F8C-7D1CE41528F1}"
EndProject
Project("{2150E333-8FDC-42A3-9474-1A3956D46DE8}") = "Task1.Tests", "Task1.Tests", "{91152D5C-DF81-4A91-A933-964AC0777B7F}"
EndProject
Project("{2150E333-8FDC-42A3-9474-1A3956D46DE8}") = "Task2", "Task2", "{B96F7378-80DB-44C7-A254-909AE42F340D}"
EndProject
Project("{2150E333-8FDC-42A3-9474-1A3956D46DE8}") = "Task2.Tests", "Task2.Tests", "{7F84DDA4-742E-4CE7-B4FE-A38CDE8F0954}"
EndProject
Project("{9A19103F-16F7-4668-BE54-9A1E7A4F7556}") = "Reflection_Task1.Tests", "Reflection_Task1.Tests\Reflection_Task1.Tests.csproj", "{2B3BD48C-F0FE-45BC-A928-ED6D9037A990}"
EndProject
Project("{9A19103F-16F7-4668-BE54-9A1E7A4F7556}") = "Reflection_Task2", "Reflection_Task2\Reflection_Task2.csproj", "{B3A60B8A-737C-4DBA-9B06-8A92A509B77B}"
EndProject
Project("{9A19103F-16F7-4668-BE54-9A1E7A4F7556}") = "Reflection_Task2.Tests", "Reflection_Task2.Tests\Reflection_Task2.Tests.csproj", "{7E8F50C2-27BF-42DB-9FBA-A7995BD06CCE}"
EndProject
Project("{2150E333-8FDC-42A3-9474-1A3956D46DE8}") = "UnitTesting", "UnitTesting", "{AE207FF4-BAA6-4895-B6F3-CF6BE0DA55EE}"
EndProject
Project("{FAE04EC0-301F-11D3-BF4B-00C04F79EFBC}") = "Kata_realization", "Kata_realization\Kata_realization.csproj", "{71A8A8D5-7B58-4ED1-B89E-CDE9E69BC777}"
EndProject
Project("{FAE04EC0-301F-11D3-BF4B-00C04F79EFBC}") = "Kata_realization.Tests", "Kata_realization.Tests\Kata_realization.Tests.csproj", "{DDD5640E-DA70-4B55-9D5A-99531ADBBFCE}"
EndProject
Global
	GlobalSection(SolutionConfigurationPlatforms) = preSolution
		Debug|Any CPU = Debug|Any CPU
		Release|Any CPU = Release|Any CPU
	EndGlobalSection
	GlobalSection(ProjectConfigurationPlatforms) = postSolution
		{0C46EB87-0DEF-44A9-8FEA-C21B8AF0037E}.Debug|Any CPU.ActiveCfg = Debug|Any CPU
		{0C46EB87-0DEF-44A9-8FEA-C21B8AF0037E}.Debug|Any CPU.Build.0 = Debug|Any CPU
		{0C46EB87-0DEF-44A9-8FEA-C21B8AF0037E}.Release|Any CPU.ActiveCfg = Release|Any CPU
		{0C46EB87-0DEF-44A9-8FEA-C21B8AF0037E}.Release|Any CPU.Build.0 = Release|Any CPU
		{8C3BFDE6-04B8-4F33-BB33-BD1B268AF70E}.Debug|Any CPU.ActiveCfg = Debug|Any CPU
		{8C3BFDE6-04B8-4F33-BB33-BD1B268AF70E}.Debug|Any CPU.Build.0 = Debug|Any CPU
		{8C3BFDE6-04B8-4F33-BB33-BD1B268AF70E}.Release|Any CPU.ActiveCfg = Release|Any CPU
		{8C3BFDE6-04B8-4F33-BB33-BD1B268AF70E}.Release|Any CPU.Build.0 = Release|Any CPU
		{79289A4B-CFA0-4FB6-AF68-4E24D66EAADD}.Debug|Any CPU.ActiveCfg = Debug|Any CPU
		{79289A4B-CFA0-4FB6-AF68-4E24D66EAADD}.Debug|Any CPU.Build.0 = Debug|Any CPU
		{79289A4B-CFA0-4FB6-AF68-4E24D66EAADD}.Release|Any CPU.ActiveCfg = Release|Any CPU
		{79289A4B-CFA0-4FB6-AF68-4E24D66EAADD}.Release|Any CPU.Build.0 = Release|Any CPU
		{452B77F4-0A6C-4F27-BAC1-023FA61192A2}.Debug|Any CPU.ActiveCfg = Debug|Any CPU
		{452B77F4-0A6C-4F27-BAC1-023FA61192A2}.Debug|Any CPU.Build.0 = Debug|Any CPU
		{452B77F4-0A6C-4F27-BAC1-023FA61192A2}.Release|Any CPU.ActiveCfg = Release|Any CPU
		{452B77F4-0A6C-4F27-BAC1-023FA61192A2}.Release|Any CPU.Build.0 = Release|Any CPU
		{CC0F980B-E355-41F9-91BF-DD93EC067FBF}.Debug|Any CPU.ActiveCfg = Debug|Any CPU
		{CC0F980B-E355-41F9-91BF-DD93EC067FBF}.Debug|Any CPU.Build.0 = Debug|Any CPU
		{CC0F980B-E355-41F9-91BF-DD93EC067FBF}.Release|Any CPU.ActiveCfg = Release|Any CPU
		{CC0F980B-E355-41F9-91BF-DD93EC067FBF}.Release|Any CPU.Build.0 = Release|Any CPU
		{1EEEFDA2-2155-44DA-9F8C-7D1CE41528F1}.Debug|Any CPU.ActiveCfg = Debug|Any CPU
		{1EEEFDA2-2155-44DA-9F8C-7D1CE41528F1}.Debug|Any CPU.Build.0 = Debug|Any CPU
		{1EEEFDA2-2155-44DA-9F8C-7D1CE41528F1}.Release|Any CPU.ActiveCfg = Release|Any CPU
		{1EEEFDA2-2155-44DA-9F8C-7D1CE41528F1}.Release|Any CPU.Build.0 = Release|Any CPU
		{2B3BD48C-F0FE-45BC-A928-ED6D9037A990}.Debug|Any CPU.ActiveCfg = Debug|Any CPU
		{2B3BD48C-F0FE-45BC-A928-ED6D9037A990}.Debug|Any CPU.Build.0 = Debug|Any CPU
		{2B3BD48C-F0FE-45BC-A928-ED6D9037A990}.Release|Any CPU.ActiveCfg = Release|Any CPU
		{2B3BD48C-F0FE-45BC-A928-ED6D9037A990}.Release|Any CPU.Build.0 = Release|Any CPU
		{B3A60B8A-737C-4DBA-9B06-8A92A509B77B}.Debug|Any CPU.ActiveCfg = Debug|Any CPU
		{B3A60B8A-737C-4DBA-9B06-8A92A509B77B}.Debug|Any CPU.Build.0 = Debug|Any CPU
		{B3A60B8A-737C-4DBA-9B06-8A92A509B77B}.Release|Any CPU.ActiveCfg = Release|Any CPU
		{B3A60B8A-737C-4DBA-9B06-8A92A509B77B}.Release|Any CPU.Build.0 = Release|Any CPU
		{7E8F50C2-27BF-42DB-9FBA-A7995BD06CCE}.Debug|Any CPU.ActiveCfg = Debug|Any CPU
		{7E8F50C2-27BF-42DB-9FBA-A7995BD06CCE}.Debug|Any CPU.Build.0 = Debug|Any CPU
		{7E8F50C2-27BF-42DB-9FBA-A7995BD06CCE}.Release|Any CPU.ActiveCfg = Release|Any CPU
		{7E8F50C2-27BF-42DB-9FBA-A7995BD06CCE}.Release|Any CPU.Build.0 = Release|Any CPU
		{71A8A8D5-7B58-4ED1-B89E-CDE9E69BC777}.Debug|Any CPU.ActiveCfg = Debug|Any CPU
		{71A8A8D5-7B58-4ED1-B89E-CDE9E69BC777}.Debug|Any CPU.Build.0 = Debug|Any CPU
		{71A8A8D5-7B58-4ED1-B89E-CDE9E69BC777}.Release|Any CPU.ActiveCfg = Release|Any CPU
		{71A8A8D5-7B58-4ED1-B89E-CDE9E69BC777}.Release|Any CPU.Build.0 = Release|Any CPU
		{DDD5640E-DA70-4B55-9D5A-99531ADBBFCE}.Debug|Any CPU.ActiveCfg = Debug|Any CPU
		{DDD5640E-DA70-4B55-9D5A-99531ADBBFCE}.Debug|Any CPU.Build.0 = Debug|Any CPU
		{DDD5640E-DA70-4B55-9D5A-99531ADBBFCE}.Release|Any CPU.ActiveCfg = Release|Any CPU
		{DDD5640E-DA70-4B55-9D5A-99531ADBBFCE}.Release|Any CPU.Build.0 = Release|Any CPU
	EndGlobalSection
	GlobalSection(SolutionProperties) = preSolution
		HideSolutionNode = FALSE
	EndGlobalSection
	GlobalSection(NestedProjects) = preSolution
		{452B77F4-0A6C-4F27-BAC1-023FA61192A2} = {2BC2B50E-B8E2-4FA8-B678-A694F1D575A8}
		{CC0F980B-E355-41F9-91BF-DD93EC067FBF} = {2BC2B50E-B8E2-4FA8-B678-A694F1D575A8}
		{7A2FA21E-0D7D-48E1-B4CD-012ADB5B61B1} = {77010BD2-06D6-4D01-9732-FDB64A8C1B98}
		{1EEEFDA2-2155-44DA-9F8C-7D1CE41528F1} = {7A2FA21E-0D7D-48E1-B4CD-012ADB5B61B1}
		{91152D5C-DF81-4A91-A933-964AC0777B7F} = {77010BD2-06D6-4D01-9732-FDB64A8C1B98}
		{B96F7378-80DB-44C7-A254-909AE42F340D} = {77010BD2-06D6-4D01-9732-FDB64A8C1B98}
		{7F84DDA4-742E-4CE7-B4FE-A38CDE8F0954} = {77010BD2-06D6-4D01-9732-FDB64A8C1B98}
		{2B3BD48C-F0FE-45BC-A928-ED6D9037A990} = {91152D5C-DF81-4A91-A933-964AC0777B7F}
		{B3A60B8A-737C-4DBA-9B06-8A92A509B77B} = {B96F7378-80DB-44C7-A254-909AE42F340D}
		{7E8F50C2-27BF-42DB-9FBA-A7995BD06CCE} = {7F84DDA4-742E-4CE7-B4FE-A38CDE8F0954}
		{71A8A8D5-7B58-4ED1-B89E-CDE9E69BC777} = {AE207FF4-BAA6-4895-B6F3-CF6BE0DA55EE}
		{DDD5640E-DA70-4B55-9D5A-99531ADBBFCE} = {AE207FF4-BAA6-4895-B6F3-CF6BE0DA55EE}
	EndGlobalSection
	GlobalSection(ExtensibilityGlobals) = postSolution
		SolutionGuid = {39B71F6B-812F-42CA-9A03-F8A975A60C4A}
	EndGlobalSection
EndGlobal
